
Microsoft Visual Studio Solution File, Format Version 12.00
# Visual Studio Version 17
VisualStudioVersion = 17.14.36310.24
MinimumVisualStudioVersion = 10.0.40219.1
Project("{FAE04EC0-301F-11D3-BF4B-00C04F79EFBC}") = "ProductClientHub.API", "ProductClientHub.API\ProductClientHub.API.csproj", "{919F27A3-3D6A-4825-BFDA-C2C0272026CB}"
EndProject
Project("{FAE04EC0-301F-11D3-BF4B-00C04F79EFBC}") = "ProductsClientHub.COMMUNICATION", "ProductsClientHub.COMMUNICATION\ProductsClientHub.COMMUNICATION.csproj", "{573A8D12-3E39-4C94-B81D-8FCDACD70FA8}"
EndProject
Project("{FAE04EC0-301F-11D3-BF4B-00C04F79EFBC}") = "ProductClientHub.EXCEPTIONS", "ProductClientHub.EXCEPTIONS\ProductClientHub.EXCEPTIONS.csproj", "{AD68BD57-7A61-40F5-BC8A-0DA00589A875}"
EndProject
Global
	GlobalSection(SolutionConfigurationPlatforms) = preSolution
		Debug|Any CPU = Debug|Any CPU
		Release|Any CPU = Release|Any CPU
	EndGlobalSection
	GlobalSection(ProjectConfigurationPlatforms) = postSolution
		{919F27A3-3D6A-4825-BFDA-C2C0272026CB}.Debug|Any CPU.ActiveCfg = Debug|Any CPU
		{919F27A3-3D6A-4825-BFDA-C2C0272026CB}.Debug|Any CPU.Build.0 = Debug|Any CPU
		{919F27A3-3D6A-4825-BFDA-C2C0272026CB}.Release|Any CPU.ActiveCfg = Release|Any CPU
		{919F27A3-3D6A-4825-BFDA-C2C0272026CB}.Release|Any CPU.Build.0 = Release|Any CPU
		{573A8D12-3E39-4C94-B81D-8FCDACD70FA8}.Debug|Any CPU.ActiveCfg = Debug|Any CPU
		{573A8D12-3E39-4C94-B81D-8FCDACD70FA8}.Debug|Any CPU.Build.0 = Debug|Any CPU
		{573A8D12-3E39-4C94-B81D-8FCDACD70FA8}.Release|Any CPU.ActiveCfg = Release|Any CPU
		{573A8D12-3E39-4C94-B81D-8FCDACD70FA8}.Release|Any CPU.Build.0 = Release|Any CPU
		{AD68BD57-7A61-40F5-BC8A-0DA00589A875}.Debug|Any CPU.ActiveCfg = Debug|Any CPU
		{AD68BD57-7A61-40F5-BC8A-0DA00589A875}.Debug|Any CPU.Build.0 = Debug|Any CPU
		{AD68BD57-7A61-40F5-BC8A-0DA00589A875}.Release|Any CPU.ActiveCfg = Release|Any CPU
		{AD68BD57-7A61-40F5-BC8A-0DA00589A875}.Release|Any CPU.Build.0 = Release|Any CPU
	EndGlobalSection
	GlobalSection(SolutionProperties) = preSolution
		HideSolutionNode = FALSE
	EndGlobalSection
	GlobalSection(ExtensibilityGlobals) = postSolution
		SolutionGuid = {D8EF50C7-007C-4425-BF6B-0492EA61377D}
	EndGlobalSection
EndGlobal
